
Microsoft Visual Studio Solution File, Format Version 12.00
# Visual Studio 15
VisualStudioVersion = 15.0.26430.16
MinimumVisualStudioVersion = 10.0.40219.1
Project("{FAE04EC0-301F-11D3-BF4B-00C04F79EFBC}") = "RawParser", "RawParser\RawParser.csproj", "{B48F638D-E18B-48E6-8008-C2C2CDC7CBED}"
	ProjectSection(ProjectDependencies) = postProject
		{A0345A48-D340-41BE-8C05-D326377AE58B} = {A0345A48-D340-41BE-8C05-D326377AE58B}
		{8CFCD0F0-D75F-46F1-8F3C-5CD954B7FACF} = {8CFCD0F0-D75F-46F1-8F3C-5CD954B7FACF}
	EndProjectSection
EndProject
Project("{FAE04EC0-301F-11D3-BF4B-00C04F79EFBC}") = "RawNet", "RawNet\RawNet.csproj", "{A0345A48-D340-41BE-8C05-D326377AE58B}"
EndProject
Project("{FAE04EC0-301F-11D3-BF4B-00C04F79EFBC}") = "PhotoNet", "PhotoEdit\PhotoNet.csproj", "{8CFCD0F0-D75F-46F1-8F3C-5CD954B7FACF}"
	ProjectSection(ProjectDependencies) = postProject
		{103885F6-286B-464F-BD5B-0C4A917EE295} = {103885F6-286B-464F-BD5B-0C4A917EE295}
	EndProjectSection
EndProject
Project("{FAE04EC0-301F-11D3-BF4B-00C04F79EFBC}") = "PhotoNet.Common", "Common\PhotoNet.Common.csproj", "{103885F6-286B-464F-BD5B-0C4A917EE295}"
EndProject
Global
	GlobalSection(SolutionConfigurationPlatforms) = preSolution
		Debug|Any CPU = Debug|Any CPU
		Debug|ARM = Debug|ARM
		Debug|x64 = Debug|x64
		Debug|x86 = Debug|x86
		Release|Any CPU = Release|Any CPU
		Release|ARM = Release|ARM
		Release|x64 = Release|x64
		Release|x86 = Release|x86
	EndGlobalSection
	GlobalSection(ProjectConfigurationPlatforms) = postSolution
		{B48F638D-E18B-48E6-8008-C2C2CDC7CBED}.Debug|Any CPU.ActiveCfg = Debug|x86
		{B48F638D-E18B-48E6-8008-C2C2CDC7CBED}.Debug|ARM.ActiveCfg = Debug|ARM
		{B48F638D-E18B-48E6-8008-C2C2CDC7CBED}.Debug|ARM.Build.0 = Debug|ARM
		{B48F638D-E18B-48E6-8008-C2C2CDC7CBED}.Debug|ARM.Deploy.0 = Debug|ARM
		{B48F638D-E18B-48E6-8008-C2C2CDC7CBED}.Debug|x64.ActiveCfg = Debug|x64
		{B48F638D-E18B-48E6-8008-C2C2CDC7CBED}.Debug|x64.Build.0 = Debug|x64
		{B48F638D-E18B-48E6-8008-C2C2CDC7CBED}.Debug|x64.Deploy.0 = Debug|x64
		{B48F638D-E18B-48E6-8008-C2C2CDC7CBED}.Debug|x86.ActiveCfg = Debug|x86
		{B48F638D-E18B-48E6-8008-C2C2CDC7CBED}.Debug|x86.Build.0 = Debug|x86
		{B48F638D-E18B-48E6-8008-C2C2CDC7CBED}.Debug|x86.Deploy.0 = Debug|x86
		{B48F638D-E18B-48E6-8008-C2C2CDC7CBED}.Release|Any CPU.ActiveCfg = Release|x86
		{B48F638D-E18B-48E6-8008-C2C2CDC7CBED}.Release|ARM.ActiveCfg = Release|ARM
		{B48F638D-E18B-48E6-8008-C2C2CDC7CBED}.Release|ARM.Build.0 = Release|ARM
		{B48F638D-E18B-48E6-8008-C2C2CDC7CBED}.Release|ARM.Deploy.0 = Release|ARM
		{B48F638D-E18B-48E6-8008-C2C2CDC7CBED}.Release|x64.ActiveCfg = Release|x64
		{B48F638D-E18B-48E6-8008-C2C2CDC7CBED}.Release|x64.Build.0 = Release|x64
		{B48F638D-E18B-48E6-8008-C2C2CDC7CBED}.Release|x64.Deploy.0 = Release|x64
		{B48F638D-E18B-48E6-8008-C2C2CDC7CBED}.Release|x86.ActiveCfg = Release|x86
		{B48F638D-E18B-48E6-8008-C2C2CDC7CBED}.Release|x86.Build.0 = Release|x86
		{B48F638D-E18B-48E6-8008-C2C2CDC7CBED}.Release|x86.Deploy.0 = Release|x86
		{A0345A48-D340-41BE-8C05-D326377AE58B}.Debug|Any CPU.ActiveCfg = Debug|Any CPU
		{A0345A48-D340-41BE-8C05-D326377AE58B}.Debug|Any CPU.Build.0 = Debug|Any CPU
		{A0345A48-D340-41BE-8C05-D326377AE58B}.Debug|ARM.ActiveCfg = Debug|ARM
		{A0345A48-D340-41BE-8C05-D326377AE58B}.Debug|ARM.Build.0 = Debug|ARM
		{A0345A48-D340-41BE-8C05-D326377AE58B}.Debug|x64.ActiveCfg = Debug|x64
		{A0345A48-D340-41BE-8C05-D326377AE58B}.Debug|x64.Build.0 = Debug|x64
		{A0345A48-D340-41BE-8C05-D326377AE58B}.Debug|x86.ActiveCfg = Debug|x86
		{A0345A48-D340-41BE-8C05-D326377AE58B}.Debug|x86.Build.0 = Debug|x86
		{A0345A48-D340-41BE-8C05-D326377AE58B}.Release|Any CPU.ActiveCfg = Release|Any CPU
		{A0345A48-D340-41BE-8C05-D326377AE58B}.Release|Any CPU.Build.0 = Release|Any CPU
		{A0345A48-D340-41BE-8C05-D326377AE58B}.Release|ARM.ActiveCfg = Release|ARM
		{A0345A48-D340-41BE-8C05-D326377AE58B}.Release|ARM.Build.0 = Release|ARM
		{A0345A48-D340-41BE-8C05-D326377AE58B}.Release|x64.ActiveCfg = Release|x64
		{A0345A48-D340-41BE-8C05-D326377AE58B}.Release|x64.Build.0 = Release|x64
		{A0345A48-D340-41BE-8C05-D326377AE58B}.Release|x86.ActiveCfg = Release|x86
		{A0345A48-D340-41BE-8C05-D326377AE58B}.Release|x86.Build.0 = Release|x86
		{8CFCD0F0-D75F-46F1-8F3C-5CD954B7FACF}.Debug|Any CPU.ActiveCfg = Debug|Any CPU
		{8CFCD0F0-D75F-46F1-8F3C-5CD954B7FACF}.Debug|Any CPU.Build.0 = Debug|Any CPU
		{8CFCD0F0-D75F-46F1-8F3C-5CD954B7FACF}.Debug|ARM.ActiveCfg = Debug|ARM
		{8CFCD0F0-D75F-46F1-8F3C-5CD954B7FACF}.Debug|ARM.Build.0 = Debug|ARM
		{8CFCD0F0-D75F-46F1-8F3C-5CD954B7FACF}.Debug|x64.ActiveCfg = Debug|x64
		{8CFCD0F0-D75F-46F1-8F3C-5CD954B7FACF}.Debug|x64.Build.0 = Debug|x64
		{8CFCD0F0-D75F-46F1-8F3C-5CD954B7FACF}.Debug|x86.ActiveCfg = Debug|x86
		{8CFCD0F0-D75F-46F1-8F3C-5CD954B7FACF}.Debug|x86.Build.0 = Debug|x86
		{8CFCD0F0-D75F-46F1-8F3C-5CD954B7FACF}.Release|Any CPU.ActiveCfg = Release|Any CPU
		{8CFCD0F0-D75F-46F1-8F3C-5CD954B7FACF}.Release|Any CPU.Build.0 = Release|Any CPU
		{8CFCD0F0-D75F-46F1-8F3C-5CD954B7FACF}.Release|ARM.ActiveCfg = Release|ARM
		{8CFCD0F0-D75F-46F1-8F3C-5CD954B7FACF}.Release|ARM.Build.0 = Release|ARM
		{8CFCD0F0-D75F-46F1-8F3C-5CD954B7FACF}.Release|x64.ActiveCfg = Release|x64
		{8CFCD0F0-D75F-46F1-8F3C-5CD954B7FACF}.Release|x64.Build.0 = Release|x64
		{8CFCD0F0-D75F-46F1-8F3C-5CD954B7FACF}.Release|x86.ActiveCfg = Release|x86
		{8CFCD0F0-D75F-46F1-8F3C-5CD954B7FACF}.Release|x86.Build.0 = Release|x86
		{103885F6-286B-464F-BD5B-0C4A917EE295}.Debug|Any CPU.ActiveCfg = Debug|Any CPU
		{103885F6-286B-464F-BD5B-0C4A917EE295}.Debug|Any CPU.Build.0 = Debug|Any CPU
		{103885F6-286B-464F-BD5B-0C4A917EE295}.Debug|ARM.ActiveCfg = Debug|ARM
		{103885F6-286B-464F-BD5B-0C4A917EE295}.Debug|ARM.Build.0 = Debug|ARM
		{103885F6-286B-464F-BD5B-0C4A917EE295}.Debug|x64.ActiveCfg = Debug|x64
		{103885F6-286B-464F-BD5B-0C4A917EE295}.Debug|x64.Build.0 = Debug|x64
		{103885F6-286B-464F-BD5B-0C4A917EE295}.Debug|x86.ActiveCfg = Debug|x86
		{103885F6-286B-464F-BD5B-0C4A917EE295}.Debug|x86.Build.0 = Debug|x86
		{103885F6-286B-464F-BD5B-0C4A917EE295}.Release|Any CPU.ActiveCfg = Release|Any CPU
		{103885F6-286B-464F-BD5B-0C4A917EE295}.Release|Any CPU.Build.0 = Release|Any CPU
		{103885F6-286B-464F-BD5B-0C4A917EE295}.Release|ARM.ActiveCfg = Release|ARM
		{103885F6-286B-464F-BD5B-0C4A917EE295}.Release|ARM.Build.0 = Release|ARM
		{103885F6-286B-464F-BD5B-0C4A917EE295}.Release|x64.ActiveCfg = Release|x64
		{103885F6-286B-464F-BD5B-0C4A917EE295}.Release|x64.Build.0 = Release|x64
		{103885F6-286B-464F-BD5B-0C4A917EE295}.Release|x86.ActiveCfg = Release|x86
		{103885F6-286B-464F-BD5B-0C4A917EE295}.Release|x86.Build.0 = Release|x86
	EndGlobalSection
	GlobalSection(SolutionProperties) = preSolution
		HideSolutionNode = FALSE
	EndGlobalSection
EndGlobal
